lockfileVersion: 5.3

specifiers:
  '@types/resolve-path': ^1.4.0
  http-errors: ^2.0.0
  resolve-path: ^1.4.0

dependencies:
  http-errors: registry.npmmirror.com/http-errors/2.0.0
  resolve-path: registry.npmmirror.com/resolve-path/1.4.0

devDependencies:
  '@types/resolve-path': registry.npmmirror.com/@types/resolve-path/1.4.0

packages:

  registry.nlark.com/setprototypeof/1.1.0:
    resolution: {integrity: sha1-0L2FU2iHtv58DYGMuWLZ2RxU5lY=, registry: https://registry.npm.taobao.org/, tarball: https://registry.nlark.com/setprototypeof/download/setprototypeof-1.1.0.tgz}
    name: setprototypeof
    version: 1.1.0
    dev: false

  registry.nlark.com/setprototypeof/1.2.0:
    resolution: {integrity: sha1-ZsmiSnP5/CjL5msJ/tPTPcrxtCQ=, registry: https://registry.npm.taobao.org/, tarball: https://registry.nlark.com/setprototypeof/download/setprototypeof-1.2.0.tgz}
    name: setprototypeof
    version: 1.2.0
    dev: false

  registry.npmmirror.com/@types/resolve-path/1.4.0:
    resolution: {integrity: sha512-Zh5blp0SEy8yHxnN3yOnInh9NtZHze1c6sl/Neg2or/MbEEoxg69qZScrSqe4BYIRQD722r/ouV822Av1mKwRA==, registry: https://registry.npm.taobao.org/, tarball: https://registry.npmmirror.com/@types/resolve-path/-/resolve-path-1.4.0.tgz}
    name: '@types/resolve-path'
    version: 1.4.0
    dev: true

  registry.npmmirror.com/depd/1.1.2:
    resolution: {integrity: sha512-7emPTl6Dpo6JRXOXjLRxck+FlLRX5847cLKEn00PLAgc3g2hTZZgr+e4c2v6QpSmLeFP3n5yUo7ft6avBK/5jQ==, registry: https://registry.npm.taobao.org/, tarball: https://registry.npmmirror.com/depd/-/depd-1.1.2.tgz}
    name: depd
    version: 1.1.2
    engines: {node: '>= 0.6'}
    dev: false

  registry.npmmirror.com/depd/2.0.0:
    resolution: {integrity: sha512-g7nH6P6dyDioJogAAGprGpCtVImJhpPk/roCzdb3fIh61/s/nPsfR6onyMwkCAR/OlC3yBC0lESvUoQEAssIrw==, registry: https://registry.npm.taobao.org/, tarball: https://registry.npmmirror.com/depd/-/depd-2.0.0.tgz}
    name: depd
    version: 2.0.0
    engines: {node: '>= 0.8'}
    dev: false

  registry.npmmirror.com/http-errors/1.6.3:
    resolution: {integrity: sha512-lks+lVC8dgGyh97jxvxeYTWQFvh4uw4yC12gVl63Cg30sjPX4wuGcdkICVXDAESr6OJGjqGA8Iz5mkeN6zlD7A==, registry: https://registry.npm.taobao.org/, tarball: https://registry.npmmirror.com/http-errors/-/http-errors-1.6.3.tgz}
    name: http-errors
    version: 1.6.3
    engines: {node: '>= 0.6'}
    dependencies:
      depd: registry.npmmirror.com/depd/1.1.2
      inherits: registry.npmmirror.com/inherits/2.0.3
      setprototypeof: registry.nlark.com/setprototypeof/1.1.0
      statuses: registry.npmmirror.com/statuses/1.5.0
    dev: false

  registry.npmmirror.com/http-errors/2.0.0:
    resolution: {integrity: sha512-FtwrG/euBzaEjYeRqOgly7G0qviiXoJWnvEH2Z1plBdXgbyjv34pHTSb9zoeHMyDy33+DWy5Wt9Wo+TURtOYSQ==, registry: https://registry.npm.taobao.org/, tarball: https://registry.npmmirror.com/http-errors/-/http-errors-2.0.0.tgz}
    name: http-errors
    version: 2.0.0
    engines: {node: '>= 0.8'}
    dependencies:
      depd: registry.npmmirror.com/depd/2.0.0
      inherits: registry.npmmirror.com/inherits/2.0.4
      setprototypeof: registry.nlark.com/setprototypeof/1.2.0
      statuses: registry.npmmirror.com/statuses/2.0.1
      toidentifier: registry.npmmirror.com/toidentifier/1.0.1
    dev: false

  registry.npmmirror.com/inherits/2.0.3:
    resolution: {integrity: sha512-x00IRNXNy63jwGkJmzPigoySHbaqpNuzKbBOmzK+g2OdZpQ9w+sxCN+VSB3ja7IAge2OP2qpfxTjeNcyjmW1uw==, registry: https://registry.npm.taobao.org/, tarball: https://registry.npmmirror.com/inherits/-/inherits-2.0.3.tgz}
    name: inherits
    version: 2.0.3
    dev: false

  registry.npmmirror.com/inherits/2.0.4:
    resolution: {integrity: sha512-k/vGaX4/Yla3WzyMCvTQOXYeIHvqOKtnqBduzTHpzpQZzAskKMhZ2K+EnBiSM9zGSoIFeMpXKxa4dYeZIQqewQ==, registry: https://registry.npm.taobao.org/, tarball: https://registry.npmmirror.com/inherits/-/inherits-2.0.4.tgz}
    name: inherits
    version: 2.0.4
    dev: false

  registry.npmmirror.com/path-is-absolute/1.0.1:
    resolution: {integrity: sha512-AVbw3UJ2e9bq64vSaS9Am0fje1Pa8pbGqTTsmXfaIiMpnr5DlDhfJOuLj9Sf95ZPVDAUerDfEk88MPmPe7UCQg==, registry: https://registry.npm.taobao.org/, tarball: https://registry.npmmirror.com/path-is-absolute/-/path-is-absolute-1.0.1.tgz}
    name: path-is-absolute
    version: 1.0.1
    engines: {node: '>=0.10.0'}
    dev: false

  registry.npmmirror.com/resolve-path/1.4.0:
    resolution: {integrity: sha512-i1xevIst/Qa+nA9olDxLWnLk8YZbi8R/7JPbCMcgyWaFR6bKWaexgJgEB5oc2PKMjYdrHynyz0NY+if+H98t1w==, registry: https://registry.npm.taobao.org/, tarball: https://registry.npmmirror.com/resolve-path/-/resolve-path-1.4.0.tgz}
    name: resolve-path
    version: 1.4.0
    engines: {node: '>= 0.8'}
    dependencies:
      http-errors: registry.npmmirror.com/http-errors/1.6.3
      path-is-absolute: registry.npmmirror.com/path-is-absolute/1.0.1
    dev: false

  registry.npmmirror.com/statuses/1.5.0:
    resolution: {integrity: sha512-OpZ3zP+jT1PI7I8nemJX4AKmAX070ZkYPVWV/AaKTJl+tXCTGyVdC1a4SL8RUQYEwk/f34ZX8UTykN68FwrqAA==, registry: https://registry.npm.taobao.org/, tarball: https://registry.npmmirror.com/statuses/-/statuses-1.5.0.tgz}
    name: statuses
    version: 1.5.0
    engines: {node: '>= 0.6'}
    dev: false

  registry.npmmirror.com/statuses/2.0.1:
    resolution: {integrity: sha512-RwNA9Z/7PrK06rYLIzFMlaF+l73iwpzsqRIFgbMLbTcLD6cOao82TaWefPXQvB2fOC4AjuYSEndS7N/mTCbkdQ==, registry: https://registry.npm.taobao.org/, tarball: https://registry.npmmirror.com/statuses/-/statuses-2.0.1.tgz}
    name: statuses
    version: 2.0.1
    engines: {node: '>= 0.8'}
    dev: false

  registry.npmmirror.com/toidentifier/1.0.1:
    resolution: {integrity: sha512-o5sSPKEkg/DIQNmH43V0/uerLrpzVedkUh8tGNvaeXpfpuwjKenlSox/2O/BTlZUtEe+JG7s5YhEz608PlAHRA==, registry: https://registry.npm.taobao.org/, tarball: https://registry.npmmirror.com/toidentifier/download/toidentifier-1.0.1.tgz}
    name: toidentifier
    version: 1.0.1
    engines: {node: '>=0.6'}
    dev: false
